// !$*UTF8*$!
{
	archiveVersion = 1;
	classes = {};
	objectVersion = 56;
	objects = {
		111111111111111111111111 /* Project object */ = {
			isa = PBXProject;
			attributes = {
				BuildIndependentTargetsInParallel = 1;
				LastSwiftUpdateCheck = 1600;
				LastUpgradeCheck = 1600;
				TargetAttributes = {
					222222222222222222222222 = { CreatedOnToolsVersion = 16.0; };
					333333333333333333333333 = { CreatedOnToolsVersion = 16.0; TestTargetID = 222222222222222222222222; };
				};
			};
			buildConfigurationList = 444444444444444444444444;
			compatibilityVersion = "Xcode 14.0";
			developmentRegion = ko;
			hasScannedForEncodings = 0;
			knownRegions = (ko, en, Base);
			mainGroup = 555555555555555555555555;
			productRefGroup = 666666666666666666666666;
			projectDirPath = "";
			projectRoot = "";
			targets = (222222222222222222222222, 333333333333333333333333);
		};
		555555555555555555555555 = {
			isa = PBXGroup;
			children = (777777777777777777777777, 888888888888888888888888, 666666666666666666666666);
			sourceTree = "<group>";
		};
		666666666666666666666666 = {
			isa = PBXGroup;
			children = (999999999999999999999999, AAAAAAAAAAAAAAAAAAAAAAAA);
			name = Products;
			sourceTree = "<group>";
		};
		777777777777777777777777 = {
			isa = PBXGroup;
			children = (B00000000000000000000000, B00000000000000000000001, B00000000000000000000002, B00000000000000000000003, B00000000000000000000004, B0000000000000000000000D, B0000000000000000000000E, B0000000000000000000000F, B00000000000000000000010, B00000000000000000000011, B00000000000000000000005, B00000000000000000000006, B00000000000000000000007, B00000000000000000000008, B00000000000000000000009, B0000000000000000000000A, B0000000000000000000000B, B0000000000000000000000C);
			path = StelliveHubiOS;
			sourceTree = "<group>";
		};
		888888888888888888888888 = {
			isa = PBXGroup;
			children = (C00000000000000000000000, C00000000000000000000001);
			path = StelliveHubiOSTests;
			sourceTree = "<group>";
		};
		B00000000000000000000000 = { isa = PBXFileReference; lastKnownFileType = sourcecode.swift; path = App.swift; sourceTree = "<group>"; };
		B00000000000000000000001 = { isa = PBXFileReference; lastKnownFileType = sourcecode.swift; path = Models/HubModels.swift; sourceTree = "<group>"; };
		B00000000000000000000002 = { isa = PBXFileReference; lastKnownFileType = sourcecode.swift; path = Services/MockHubStore.swift; sourceTree = "<group>"; };
		B00000000000000000000003 = { isa = PBXFileReference; lastKnownFileType = sourcecode.swift; path = Services/RealtimeStreamClient.swift; sourceTree = "<group>"; };
		B00000000000000000000004 = { isa = PBXFileReference; lastKnownFileType = sourcecode.swift; path = Services/NotificationPermissionService.swift; sourceTree = "<group>"; };
		B0000000000000000000000D = { isa = PBXFileReference; lastKnownFileType = sourcecode.swift; path = Services/NotificationPayload.swift; sourceTree = "<group>"; };
		B0000000000000000000000E = { isa = PBXFileReference; lastKnownFileType = sourcecode.swift; path = Services/NotificationThreadPolicy.swift; sourceTree = "<group>"; };
		B0000000000000000000000F = { isa = PBXFileReference; lastKnownFileType = sourcecode.swift; path = Services/NotificationCollapsePolicy.swift; sourceTree = "<group>"; };
		B00000000000000000000010 = { isa = PBXFileReference; lastKnownFileType = sourcecode.swift; path = Services/NotificationSummaryTextPolicy.swift; sourceTree = "<group>"; };
		B00000000000000000000011 = { isa = PBXFileReference; lastKnownFileType = sourcecode.swift; path = Services/DeliveredNotificationCleanupService.swift; sourceTree = "<group>"; };
		B00000000000000000000005 = { isa = PBXFileReference; lastKnownFileType = sourcecode.swift; path = Views/ContentView.swift; sourceTree = "<group>"; };
		B00000000000000000000006 = { isa = PBXFileReference; lastKnownFileType = sourcecode.swift; path = Views/HomeView.swift; sourceTree = "<group>"; };
		B00000000000000000000007 = { isa = PBXFileReference; lastKnownFileType = sourcecode.swift; path = Views/LiveView.swift; sourceTree = "<group>"; };
		B00000000000000000000008 = { isa = PBXFileReference; lastKnownFileType = sourcecode.swift; path = Views/HistoryView.swift; sourceTree = "<group>"; };
		B00000000000000000000009 = { isa = PBXFileReference; lastKnownFileType = sourcecode.swift; path = Views/SettingsView.swift; sourceTree = "<group>"; };
		B0000000000000000000000A = { isa = PBXFileReference; lastKnownFileType = sourcecode.swift; path = Views/MemberDetailView.swift; sourceTree = "<group>"; };
		B0000000000000000000000B = { isa = PBXFileReference; lastKnownFileType = sourcecode.swift; path = Views/HubEventsView.swift; sourceTree = "<group>"; };
		B0000000000000000000000C = { isa = PBXFileReference; lastKnownFileType = sourcecode.swift; path = Views/HubEventDetailView.swift; sourceTree = "<group>"; };
		C00000000000000000000000 = { isa = PBXFileReference; lastKnownFileType = sourcecode.swift; path = PreferenceStateTests.swift; sourceTree = "<group>"; };
		C00000000000000000000001 = { isa = PBXFileReference; lastKnownFileType = sourcecode.swift; path = NotificationLoadReductionPolicyTests.swift; sourceTree = "<group>"; };
		999999999999999999999999 = { isa = PBXFileReference; explicitFileType = wrapper.application; includeInIndex = 0; path = StelliveHubiOS.app; sourceTree = BUILT_PRODUCTS_DIR; };
		AAAAAAAAAAAAAAAAAAAAAAAA = { isa = PBXFileReference; explicitFileType = wrapper.cfbundle; includeInIndex = 0; path = StelliveHubiOSTests.xctest; sourceTree = BUILT_PRODUCTS_DIR; };
		D00000000000000000000000 = { isa = PBXBuildFile; fileRef = B00000000000000000000000; };
		D00000000000000000000001 = { isa = PBXBuildFile; fileRef = B00000000000000000000001; };
		D00000000000000000000002 = { isa = PBXBuildFile; fileRef = B00000000000000000000002; };
		D00000000000000000000003 = { isa = PBXBuildFile; fileRef = B00000000000000000000003; };
		D00000000000000000000004 = { isa = PBXBuildFile; fileRef = B00000000000000000000004; };
		D00000000000000000000005 = { isa = PBXBuildFile; fileRef = B00000000000000000000005; };
		D00000000000000000000006 = { isa = PBXBuildFile; fileRef = B00000000000000000000006; };
		D00000000000000000000007 = { isa = PBXBuildFile; fileRef = B00000000000000000000007; };
		D00000000000000000000008 = { isa = PBXBuildFile; fileRef = B00000000000000000000008; };
		D00000000000000000000009 = { isa = PBXBuildFile; fileRef = B00000000000000000000009; };
		D0000000000000000000000A = { isa = PBXBuildFile; fileRef = B0000000000000000000000A; };
		D0000000000000000000000E = { isa = PBXBuildFile; fileRef = B0000000000000000000000B; };
		D0000000000000000000000F = { isa = PBXBuildFile; fileRef = B0000000000000000000000C; };
		D10000000000000000000001 = { isa = PBXBuildFile; fileRef = B0000000000000000000000D; };
		D10000000000000000000002 = { isa = PBXBuildFile; fileRef = B0000000000000000000000E; };
		D10000000000000000000003 = { isa = PBXBuildFile; fileRef = B0000000000000000000000F; };
		D10000000000000000000004 = { isa = PBXBuildFile; fileRef = B00000000000000000000010; };
		D10000000000000000000005 = { isa = PBXBuildFile; fileRef = B00000000000000000000011; };
		D0000000000000000000000B = { isa = PBXBuildFile; fileRef = C00000000000000000000000; };
		D10000000000000000000006 = { isa = PBXBuildFile; fileRef = C00000000000000000000001; };
		D0000000000000000000000C = { isa = PBXContainerItemProxy; containerPortal = 111111111111111111111111 /* Project object */; proxyType = 1; remoteGlobalIDString = 222222222222222222222222; remoteInfo = StelliveHubiOS; };
		D0000000000000000000000D = { isa = PBXTargetDependency; target = 222222222222222222222222; targetProxy = D0000000000000000000000C; };
		222222222222222222222222 = {
			isa = PBXNativeTarget;
			buildConfigurationList = E00000000000000000000000;
			buildPhases = (F00000000000000000000000, F00000000000000000000001, F00000000000000000000002);
			buildRules = ();
			dependencies = ();
			name = StelliveHubiOS;
			productName = StelliveHubiOS;
			productReference = 999999999999999999999999;
			productType = "com.apple.product-type.application";
		};
		333333333333333333333333 = {
			isa = PBXNativeTarget;
			buildConfigurationList = E00000000000000000000001;
			buildPhases = (F00000000000000000000003, F00000000000000000000004, F00000000000000000000005);
			buildRules = ();
			dependencies = (D0000000000000000000000D);
			name = StelliveHubiOSTests;
			productName = StelliveHubiOSTests;
			productReference = AAAAAAAAAAAAAAAAAAAAAAAA;
			productType = "com.apple.product-type.bundle.unit-test";
		};
		F00000000000000000000000 = { isa = PBXSourcesBuildPhase; buildActionMask = 2147483647; files = (D00000000000000000000000, D00000000000000000000001, D00000000000000000000002, D00000000000000000000003, D00000000000000000000004, D10000000000000000000001, D10000000000000000000002, D10000000000000000000003, D10000000000000000000004, D10000000000000000000005, D00000000000000000000005, D00000000000000000000006, D00000000000000000000007, D00000000000000000000008, D00000000000000000000009, D0000000000000000000000A, D0000000000000000000000E, D0000000000000000000000F); runOnlyForDeploymentPostprocessing = 0; };
		F00000000000000000000001 = { isa = PBXFrameworksBuildPhase; buildActionMask = 2147483647; files = (); runOnlyForDeploymentPostprocessing = 0; };
		F00000000000000000000002 = { isa = PBXResourcesBuildPhase; buildActionMask = 2147483647; files = (); runOnlyForDeploymentPostprocessing = 0; };
		F00000000000000000000003 = { isa = PBXSourcesBuildPhase; buildActionMask = 2147483647; files = (D0000000000000000000000B, D10000000000000000000006); runOnlyForDeploymentPostprocessing = 0; };
		F00000000000000000000004 = { isa = PBXFrameworksBuildPhase; buildActionMask = 2147483647; files = (); runOnlyForDeploymentPostprocessing = 0; };
		F00000000000000000000005 = { isa = PBXResourcesBuildPhase; buildActionMask = 2147483647; files = (); runOnlyForDeploymentPostprocessing = 0; };
		444444444444444444444444 = { isa = XCConfigurationList; buildConfigurations = (E00000000000000000000002, E00000000000000000000003); defaultConfigurationIsVisible = 0; defaultConfigurationName = Release; };
		E00000000000000000000000 = { isa = XCConfigurationList; buildConfigurations = (E00000000000000000000004, E00000000000000000000005); defaultConfigurationIsVisible = 0; defaultConfigurationName = Release; };
		E00000000000000000000001 = { isa = XCConfigurationList; buildConfigurations = (E00000000000000000000006, E00000000000000000000007); defaultConfigurationIsVisible = 0; defaultConfigurationName = Release; };
		E00000000000000000000002 = { isa = XCBuildConfiguration; name = Debug; buildSettings = { SDKROOT = iphoneos; SWIFT_VERSION = 5.9; }; };
		E00000000000000000000003 = { isa = XCBuildConfiguration; name = Release; buildSettings = { SDKROOT = iphoneos; SWIFT_VERSION = 5.9; }; };
		E00000000000000000000004 = { isa = XCBuildConfiguration; name = Debug; buildSettings = { CODE_SIGN_STYLE = Automatic; CURRENT_PROJECT_VERSION = 1; DEFINES_MODULE = YES; DEVELOPMENT_TEAM = ""; ENABLE_PREVIEWS = YES; ENABLE_TESTABILITY = YES; GENERATE_INFOPLIST_FILE = YES; INFOPLIST_KEY_CFBundleDisplayName = "스텔라이브 알림 허브"; INFOPLIST_KEY_LSApplicationCategoryType = "public.app-category.news"; INFOPLIST_KEY_UIApplicationSceneManifest_Generation = YES; INFOPLIST_KEY_UIApplicationSupportsIndirectInputEvents = YES; INFOPLIST_KEY_UILaunchScreen_Generation = YES; INFOPLIST_KEY_UISupportedInterfaceOrientations_iPhone = "UIInterfaceOrientationPortrait UIInterfaceOrientationLandscapeLeft UIInterfaceOrientationLandscapeRight"; IPHONEOS_DEPLOYMENT_TARGET = 16.0; MARKETING_VERSION = 0.1.0; PRODUCT_BUNDLE_IDENTIFIER = dev.stellive.hub; PRODUCT_NAME = "$(TARGET_NAME)"; SWIFT_VERSION = 5.9; }; };
		E00000000000000000000005 = { isa = XCBuildConfiguration; name = Release; buildSettings = { CODE_SIGN_STYLE = Automatic; CURRENT_PROJECT_VERSION = 1; DEVELOPMENT_TEAM = ""; GENERATE_INFOPLIST_FILE = YES; INFOPLIST_KEY_CFBundleDisplayName = "스텔라이브 알림 허브"; INFOPLIST_KEY_LSApplicationCategoryType = "public.app-category.news"; INFOPLIST_KEY_UIApplicationSceneManifest_Generation = YES; INFOPLIST_KEY_UIApplicationSupportsIndirectInputEvents = YES; INFOPLIST_KEY_UILaunchScreen_Generation = YES; INFOPLIST_KEY_UISupportedInterfaceOrientations_iPhone = "UIInterfaceOrientationPortrait UIInterfaceOrientationLandscapeLeft UIInterfaceOrientationLandscapeRight"; IPHONEOS_DEPLOYMENT_TARGET = 16.0; MARKETING_VERSION = 0.1.0; PRODUCT_BUNDLE_IDENTIFIER = dev.stellive.hub; PRODUCT_NAME = "$(TARGET_NAME)"; SWIFT_VERSION = 5.9; }; };
		E00000000000000000000006 = { isa = XCBuildConfiguration; name = Debug; buildSettings = { BUNDLE_LOADER = "$(TEST_HOST)"; CODE_SIGN_STYLE = Automatic; CURRENT_PROJECT_VERSION = 1; GENERATE_INFOPLIST_FILE = YES; IPHONEOS_DEPLOYMENT_TARGET = 16.0; MARKETING_VERSION = 0.1.0; PRODUCT_BUNDLE_IDENTIFIER = dev.stellive.hub.tests; PRODUCT_NAME = "$(TARGET_NAME)"; SWIFT_VERSION = 5.9; TEST_HOST = "$(BUILT_PRODUCTS_DIR)/StelliveHubiOS.app/$(BUNDLE_EXECUTABLE_FOLDER_PATH)/StelliveHubiOS"; }; };
		E00000000000000000000007 = { isa = XCBuildConfiguration; name = Release; buildSettings = { BUNDLE_LOADER = "$(TEST_HOST)"; CODE_SIGN_STYLE = Automatic; CURRENT_PROJECT_VERSION = 1; GENERATE_INFOPLIST_FILE = YES; IPHONEOS_DEPLOYMENT_TARGET = 16.0; MARKETING_VERSION = 0.1.0; PRODUCT_BUNDLE_IDENTIFIER = dev.stellive.hub.tests; PRODUCT_NAME = "$(TARGET_NAME)"; SWIFT_VERSION = 5.9; TEST_HOST = "$(BUILT_PRODUCTS_DIR)/StelliveHubiOS.app/$(BUNDLE_EXECUTABLE_FOLDER_PATH)/StelliveHubiOS"; }; };
	};
	rootObject = 111111111111111111111111;
}
